{
    "_readme": [
        "This file locks the dependencies of your project to a known state",
        "Read more about it at https://getcomposer.org/doc/01-basic-usage.md#installing-dependencies",
        "This file is @generated automatically"
    ],
    "content-hash": "90b696418c8a5a227e65139215c8f9b8",
    "packages": [
        {
            "name": "kucrut/vite-for-wp",
            "version": "v0.12.0",
            "source": {
                "type": "git",
                "url": "https://github.com/kucrut/vite-for-wp.git",
                "reference": "45ec51bbaedbc4e7335db3b3d4a4923962634fea"
            },
            "dist": {
                "type": "zip",
                "url": "https://api.github.com/repos/kucrut/vite-for-wp/zipball/45ec51bbaedbc4e7335db3b3d4a4923962634fea",
                "reference": "45ec51bbaedbc4e7335db3b3d4a4923962634fea",
                "shasum": ""
            },
            "require-dev": {
                "wp-coding-standards/wpcs": "^3.0"
            },
            "type": "library",
            "autoload": {
                "files": [
                    "vite-for-wp.php"
                ]
            },
            "notification-url": "https://packagist.org/downloads/",
            "license": [
                "GPL-2.0-only"
            ],
            "authors": [
                {
                    "name": "Dzikri Aziz"
                }
            ],
            "description": "Vite integration for WordPress plugins and themes development.",
            "support": {
                "issues": "https://github.com/kucrut/vite-for-wp/issues",
                "source": "https://github.com/kucrut/vite-for-wp/tree/v0.12.0"
            },
            "time": "2025-06-26T03:15:40+00:00"
        }
    ],
    "packages-dev": [
        {
            "name": "carthage-software/mago",
            "version": "1.42.0",
            "source": {
                "type": "git",
                "url": "https://github.com/carthage-software/mago.git",
                "reference": "1e843d2e6e95f186022b6752768f12795fec513a"
            },
            "dist": {
                "type": "zip",
                "url": "https://api.github.com/repos/carthage-software/mago/zipball/1e843d2e6e95f186022b6752768f12795fec513a",
                "reference": "1e843d2e6e95f186022b6752768f12795fec513a",
                "shasum": ""
            },
            "require": {
                "php": "~8.1 || ~8.2 || ~8.3 || ~8.4 || ~8.5 || ~8.6"
            },
            "suggest": {
                "ext-curl": "To show binary download progress"
            },
            "bin": [
                "composer/bin/mago"
            ],
            "type": "library",
            "autoload": {
                "files": [
                    "composer/src/functions.php",
                    "composer/src/internal.php"
                ],
                "psr-4": {
                    "Mago\\": "composer/src/"
                }
            },
            "notification-url": "https://packagist.org/downloads/",
            "license": [
                "MIT OR Apache-2.0"
            ],
            "authors": [
                {
                    "name": "Saif Eddin Gmati",
                    "email": "azjezz@carthage.software"
                }
            ],
            "description": "Mago is a toolchain for PHP that aims to provide a set of tools to help developers write better code.",
            "keywords": [
                "dev"
            ],
            "support": {
                "issues": "https://github.com/carthage-software/mago/issues",
                "source": "https://github.com/carthage-software/mago/tree/1.42.0"
            },
            "funding": [
                {
                    "url": "https://github.com/azjezz",
                    "type": "github"
                }
            ],
            "time": "2026-06-27T12:36:52+00:00"
        },
        {
            "name": "php-stubs/wordpress-stubs",
            "version": "v6.9.4",
            "source": {
                "type": "git",
                "url": "https://github.com/php-stubs/wordpress-stubs.git",
                "reference": "90a9412826b9944f93b10bf41d795b5fe68abcd5"
            },
            "dist": {
                "type": "zip",
                "url": "https://api.github.com/repos/php-stubs/wordpress-stubs/zipball/90a9412826b9944f93b10bf41d795b5fe68abcd5",
                "reference": "90a9412826b9944f93b10bf41d795b5fe68abcd5",
                "shasum": ""
            },
            "conflict": {
                "phpdocumentor/reflection-docblock": "5.6.1"
            },
            "require-dev": {
                "dealerdirect/phpcodesniffer-composer-installer": "^1.0",
                "nikic/php-parser": "^5.5",
                "php": "^7.4 || ^8.0",
                "php-stubs/generator": "^0.8.6",
                "phpdocumentor/reflection-docblock": "^6.0",
                "phpstan/phpstan": "^2.1",
                "phpunit/phpunit": "^9.5",
                "symfony/polyfill-php80": "*",
                "szepeviktor/phpcs-psr-12-neutron-hybrid-ruleset": "^1.1.1",
                "wp-coding-standards/wpcs": "3.1.0 as 2.3.0"
            },
            "suggest": {
                "paragonie/sodium_compat": "Pure PHP implementation of libsodium",
                "symfony/polyfill-php80": "Symfony polyfill backporting some PHP 8.0+ features to lower PHP versions",
                "szepeviktor/phpstan-wordpress": "WordPress extensions for PHPStan"
            },
            "type": "library",
            "notification-url": "https://packagist.org/downloads/",
            "license": [
                "MIT"
            ],
            "description": "WordPress function and class declaration stubs for static analysis.",
            "homepage": "https://github.com/php-stubs/wordpress-stubs",
            "keywords": [
                "PHPStan",
                "static analysis",
                "wordpress"
            ],
            "support": {
                "issues": "https://github.com/php-stubs/wordpress-stubs/issues",
                "source": "https://github.com/php-stubs/wordpress-stubs/tree/v6.9.4"
            },
            "time": "2026-05-01T20:36:01+00:00"
        }
    ],
    "aliases": [],
    "minimum-stability": "stable",
    "stability-flags": {},
    "prefer-stable": false,
    "prefer-lowest": false,
    "platform": {
        "php": ">=8.4"
    },
    "platform-dev": {},
    "plugin-api-version": "2.9.0"
}
